{
  "version": "3",
  "packages": {
    "specifiers": {
      "npm:lodash": "npm:lodash@4.17.21"
    },
    "npm": {
      "lodash@4.17.21": {
        "integrity": "sha512-v2kDEe57lecTulaDIuNTPy3Ry4gLGJ6Z1O3vE1krgXZNrsQ+LFTGHVxVjcXPs17LhbZVGedAJv8XZ1tvj5FvSg==",
        "dependencies": {}
      }
    }
  },
  "redirects": {
    "https://cdn.skypack.dev/@boraseoksoon/npm_dist": "https://cdn.skypack.dev/error/build:@boraseoksoon/npm_dist@v1.0.1-eXN6f94u0h0SHp5egoSw",
    "https://deno.land/x/dnt/mod.ts": "https://deno.land/x/dnt@0.40.0/mod.ts",
    "https://esm.sh/@boraseoksoon/npm_dist": "https://esm.sh/@boraseoksoon/npm_dist@1.0.1",
    "https://esm.sh/lodash": "https://esm.sh/lodash@4.17.21"
  },
  "remote": {
    "https://cdn.skypack.dev/error/build:@boraseoksoon/npm_dist@v1.0.1-eXN6f94u0h0SHp5egoSw": "914280eec1568081894d7353da52f74be2d8169bfbcfa80f73fc17c75f046ae5",
    "https://deno.land/std@0.140.0/_util/assert.ts": "e94f2eb37cebd7f199952e242c77654e43333c1ac4c5c700e929ea3aa5489f74",
    "https://deno.land/std@0.140.0/_util/os.ts": "3b4c6e27febd119d36a416d7a97bd3b0251b77c88942c8f16ee5953ea13e2e49",
    "https://deno.land/std@0.140.0/bytes/bytes_list.ts": "67eb118e0b7891d2f389dad4add35856f4ad5faab46318ff99653456c23b025d",
    "https://deno.land/std@0.140.0/bytes/equals.ts": "fc16dff2090cced02497f16483de123dfa91e591029f985029193dfaa9d894c9",
    "https://deno.land/std@0.140.0/bytes/mod.ts": "763f97d33051cc3f28af1a688dfe2830841192a9fea0cbaa55f927b49d49d0bf",
    "https://deno.land/std@0.140.0/fmt/colors.ts": "30455035d6d728394781c10755351742dd731e3db6771b1843f9b9e490104d37",
    "https://deno.land/std@0.140.0/fs/_util.ts": "0fb24eb4bfebc2c194fb1afdb42b9c3dda12e368f43e8f2321f84fc77d42cb0f",
    "https://deno.land/std@0.140.0/fs/ensure_dir.ts": "9dc109c27df4098b9fc12d949612ae5c9c7169507660dcf9ad90631833209d9d",
    "https://deno.land/std@0.140.0/io/buffer.ts": "bd0c4bf53db4b4be916ca5963e454bddfd3fcd45039041ea161dbf826817822b",
    "https://deno.land/std@0.140.0/path/_constants.ts": "df1db3ffa6dd6d1252cc9617e5d72165cd2483df90e93833e13580687b6083c3",
    "https://deno.land/std@0.140.0/path/_interface.ts": "ee3b431a336b80cf445441109d089b70d87d5e248f4f90ff906820889ecf8d09",
    "https://deno.land/std@0.140.0/path/_util.ts": "c1e9686d0164e29f7d880b2158971d805b6e0efc3110d0b3e24e4b8af2190d2b",
    "https://deno.land/std@0.140.0/path/common.ts": "bee563630abd2d97f99d83c96c2fa0cca7cee103e8cb4e7699ec4d5db7bd2633",
    "https://deno.land/std@0.140.0/path/glob.ts": "cb5255638de1048973c3e69e420c77dc04f75755524cb3b2e160fe9277d939ee",
    "https://deno.land/std@0.140.0/path/mod.ts": "d3e68d0abb393fb0bf94a6d07c46ec31dc755b544b13144dee931d8d5f06a52d",
    "https://deno.land/std@0.140.0/path/posix.ts": "293cdaec3ecccec0a9cc2b534302dfe308adb6f10861fa183275d6695faace44",
    "https://deno.land/std@0.140.0/path/separator.ts": "fe1816cb765a8068afb3e8f13ad272351c85cbc739af56dacfc7d93d710fe0f9",
    "https://deno.land/std@0.140.0/path/win32.ts": "31811536855e19ba37a999cd8d1b62078235548d67902ece4aa6b814596dd757",
    "https://deno.land/std@0.140.0/streams/conversion.ts": "712585bfa0172a97fb68dd46e784ae8ad59d11b88079d6a4ab098ff42e697d21",
    "https://deno.land/std@0.170.0/_util/asserts.ts": "d0844e9b62510f89ce1f9878b046f6a57bf88f208a10304aab50efcb48365272",
    "https://deno.land/std@0.170.0/_util/os.ts": "8a33345f74990e627b9dfe2de9b040004b08ea5146c7c9e8fe9a29070d193934",
    "https://deno.land/std@0.170.0/bytes/concat.ts": "97a1274e117510ffffc9499c4debb9541e408732bab2e0ca624869ae13103c10",
    "https://deno.land/std@0.170.0/datetime/_common.ts": "aa48c7b0d92c25a50733f26592ab6b9137917c5213a2a8a5ac70b4337f1c39af",
    "https://deno.land/std@0.170.0/datetime/constants.ts": "407b29df4d2ac7d5064c8ff565fa27b928ed07eb12a2e1521eb696d71d56c9f4",
    "https://deno.land/std@0.170.0/datetime/day_of_year.ts": "23e178dc11488466abdae00b2839d31ce98c652a3a9e79c4f44781b6d3e32cd4",
    "https://deno.land/std@0.170.0/datetime/difference.ts": "8bd9427df9570d181d6764bf20b5b1a57114fa9c2fed5905b00f296fbe844b17",
    "https://deno.land/std@0.170.0/datetime/format.ts": "3c0f18f1cc4359a739f4c58b845988dcc54322d384fa6d3b7d9c7066300f321e",
    "https://deno.land/std@0.170.0/datetime/is_leap.ts": "052773a4e5213996e99cbd31d24897b1bba45eaf6599d304765dd8431a1af700",
    "https://deno.land/std@0.170.0/datetime/mod.ts?bundle": "a7a13f23ea1ec7c52fd44cf0f866e90c51bf39739e2fdae5113cb6e8131f01b0",
    "https://deno.land/std@0.170.0/datetime/parse.ts": "18a6065654879cc6e9deb935d563f59cc28a1df58db1fd58b7493e06f5874ad7",
    "https://deno.land/std@0.170.0/datetime/to_imf.ts": "bdb0704a986a9bb48fba220722b3d4681e4b8c9c162562ee545ef2eb90b6edcd",
    "https://deno.land/std@0.170.0/datetime/week_of_year.ts": "09b2b11ec36d45cb825f1d93cc95c555b28f7334546e2ecb914dabfb2f2653f5",
    "https://deno.land/std@0.170.0/flags/mod.ts": "4f50ec6383c02684db35de38b3ffb2cd5b9fcfcc0b1147055d1980c49e82521c",
    "https://deno.land/std@0.170.0/fmt/colors.ts": "03ad95e543d2808bc43c17a3dd29d25b43d0f16287fe562a0be89bf632454a12",
    "https://deno.land/std@0.170.0/fs/_util.ts": "fdc156f897197f261a1c096dcf8ff9267ed0ff42bd5b31f55053a4763a4bae3b",
    "https://deno.land/std@0.170.0/fs/copy.ts": "c6303e52f544c81271c929931f5b59c9cfa4f81930719d2d3f777188c38aac9f",
    "https://deno.land/std@0.170.0/fs/empty_dir.ts": "453d6232ff109f2afb5e57ec14c3228e399205c1b408d85536aed7230290c414",
    "https://deno.land/std@0.170.0/fs/ensure_dir.ts": "5e9e3d7da7fc5b5e391e6d9ccead17086d76e82fb46ccc7cc9b9ee3491bab6e0",
    "https://deno.land/std@0.170.0/fs/ensure_file.ts": "76ef3a8ebef60d8da1fc4316fcb8e20c1b6f52b1baed3a9692ad3b0d1a9a1b03",
    "https://deno.land/std@0.170.0/fs/ensure_link.ts": "adc8919063e26819f5971a0010fedc1bfd71d6350a24db1a36dff432bc35c7d7",
    "https://deno.land/std@0.170.0/fs/ensure_symlink.ts": "5273557b8c50be69477aa9cb003b54ff2240a336db52a40851c97abce76b96ab",
    "https://deno.land/std@0.170.0/fs/eol.ts": "6e784ff8120c8d5589cb258e56dc39bc5b408ac9827a2e914163cbf9f2e3ce92",
    "https://deno.land/std@0.170.0/fs/exists.ts": "6a447912e49eb79cc640adacfbf4b0baf8e17ede6d5bed057062ce33c4fa0d68",
    "https://deno.land/std@0.170.0/fs/expand_glob.ts": "3a92ee4921d2b063b8dfefd1d87c35bf81126f0f1cb16e5a0f4e9ecb88ec6fe3",
    "https://deno.land/std@0.170.0/fs/mod.ts": "79c209c6e66903b3426f9245a4f216380a0ed47ffe9d253f5a61a0bc9ad1f314",
    "https://deno.land/std@0.170.0/fs/move.ts": "02ab1fc9b744da8b496f406e9fc77b0bf7960b6faaa7ec9f5fb0a129e5bef215",
    "https://deno.land/std@0.170.0/fs/walk.ts": "677eac2e5386217a7a4e7526769ae28b41ff4ae7a3cd0389f3aa4eb662545edd",
    "https://deno.land/std@0.170.0/path/_constants.ts": "df1db3ffa6dd6d1252cc9617e5d72165cd2483df90e93833e13580687b6083c3",
    "https://deno.land/std@0.170.0/path/_interface.ts": "ee3b431a336b80cf445441109d089b70d87d5e248f4f90ff906820889ecf8d09",
    "https://deno.land/std@0.170.0/path/_util.ts": "d16be2a16e1204b65f9d0dfc54a9bc472cafe5f4a190b3c8471ec2016ccd1677",
    "https://deno.land/std@0.170.0/path/common.ts": "bee563630abd2d97f99d83c96c2fa0cca7cee103e8cb4e7699ec4d5db7bd2633",
    "https://deno.land/std@0.170.0/path/glob.ts": "81cc6c72be002cd546c7a22d1f263f82f63f37fe0035d9726aa96fc8f6e4afa1",
    "https://deno.land/std@0.170.0/path/mod.ts": "cf7cec7ac11b7048bb66af8ae03513e66595c279c65cfa12bfc07d9599608b78",
    "https://deno.land/std@0.170.0/path/mod.ts?bundle": "cf7cec7ac11b7048bb66af8ae03513e66595c279c65cfa12bfc07d9599608b78",
    "https://deno.land/std@0.170.0/path/posix.ts": "b859684bc4d80edfd4cad0a82371b50c716330bed51143d6dcdbe59e6278b30c",
    "https://deno.land/std@0.170.0/path/separator.ts": "fe1816cb765a8068afb3e8f13ad272351c85cbc739af56dacfc7d93d710fe0f9",
    "https://deno.land/std@0.170.0/path/win32.ts": "7cebd2bda6657371adc00061a1d23fdd87bcdf64b4843bb148b0b24c11b40f69",
    "https://deno.land/std@0.170.0/testing/_diff.ts": "a23e7fc2b4d8daa3e158fa06856bedf5334ce2a2831e8bf9e509717f455adb2c",
    "https://deno.land/std@0.170.0/testing/_format.ts": "cd11136e1797791045e639e9f0f4640d5b4166148796cad37e6ef75f7d7f3832",
    "https://deno.land/std@0.170.0/testing/asserts.ts": "51353e79437361d4b02d8e32f3fc83b22231bc8f8d4c841d86fd32b0b0afe940",
    "https://deno.land/std@0.170.0/uuid/_common.ts": "b608b98503c701d96ddf6983a40fa424952e1ea6d4b13bf13ebe29530742cee4",
    "https://deno.land/std@0.170.0/uuid/mod.ts?bundle": "e57ba10200d75f2b17570f13eba19faa6734b1be2da5091e2c01039df41274a5",
    "https://deno.land/std@0.170.0/uuid/v1.ts": "7123410ef9ce980a4f2e54a586ccde5ed7063f6f119a70d86eebd92f8e100295",
    "https://deno.land/std@0.170.0/uuid/v4.ts": "60c829ec64291b920f1ff5f391fce8d05a42f74f58d5949e12bc0b3af88c7f5d",
    "https://deno.land/std@0.170.0/uuid/v5.ts": "fa79d1495ec5bbbf6c3f3f6073d9ab3eecb0683371d936299ec9c3d1df2caac7",
    "https://deno.land/std@0.181.0/_util/asserts.ts": "178dfc49a464aee693a7e285567b3d0b555dc805ff490505a8aae34f9cfb1462",
    "https://deno.land/std@0.181.0/_util/os.ts": "d932f56d41e4f6a6093d56044e29ce637f8dcc43c5a90af43504a889cf1775e3",
    "https://deno.land/std@0.181.0/fmt/colors.ts": "d67e3cd9f472535241a8e410d33423980bec45047e343577554d3356e1f0ef4e",
    "https://deno.land/std@0.181.0/fs/_util.ts": "65381f341af1ff7f40198cee15c20f59951ac26e51ddc651c5293e24f9ce6f32",
    "https://deno.land/std@0.181.0/fs/empty_dir.ts": "c3d2da4c7352fab1cf144a1ecfef58090769e8af633678e0f3fabaef98594688",
    "https://deno.land/std@0.181.0/fs/ensure_dir.ts": "dc64c4c75c64721d4e3fb681f1382f803ff3d2868f08563ff923fdd20d071c40",
    "https://deno.land/std@0.181.0/fs/expand_glob.ts": "e4f56259a0a70fe23f05215b00de3ac5e6ba46646ab2a06ebbe9b010f81c972a",
    "https://deno.land/std@0.181.0/fs/walk.ts": "ea95ffa6500c1eda6b365be488c056edc7c883a1db41ef46ec3bf057b1c0fe32",
    "https://deno.land/std@0.181.0/path/_constants.ts": "e49961f6f4f48039c0dfed3c3f93e963ca3d92791c9d478ac5b43183413136e0",
    "https://deno.land/std@0.181.0/path/_interface.ts": "6471159dfbbc357e03882c2266d21ef9afdb1e4aa771b0545e90db58a0ba314b",
    "https://deno.land/std@0.181.0/path/_util.ts": "d7abb1e0dea065f427b89156e28cdeb32b045870acdf865833ba808a73b576d0",
    "https://deno.land/std@0.181.0/path/common.ts": "ee7505ab01fd22de3963b64e46cff31f40de34f9f8de1fff6a1bd2fe79380000",
    "https://deno.land/std@0.181.0/path/glob.ts": "d479e0a695621c94d3fd7fe7abd4f9499caf32a8de13f25073451c6ef420a4e1",
    "https://deno.land/std@0.181.0/path/mod.ts": "bf718f19a4fdd545aee1b06409ca0805bd1b68ecf876605ce632e932fe54510c",
    "https://deno.land/std@0.181.0/path/posix.ts": "8b7c67ac338714b30c816079303d0285dd24af6b284f7ad63da5b27372a2c94d",
    "https://deno.land/std@0.181.0/path/separator.ts": "0fb679739d0d1d7bf45b68dacfb4ec7563597a902edbaf3c59b50d5bcadd93b1",
    "https://deno.land/std@0.181.0/path/win32.ts": "d186344e5583bcbf8b18af416d13d82b35a317116e6460a5a3953508c3de5bba",
    "https://deno.land/std@0.94.0/node/tty.ts": "9fa7f7b461759774b4eeab00334ac5d25b69bf0de003c02814be01e65150da79",
    "https://deno.land/x/chalk_deno@v4.1.1-deno/source/ansi-styles/index.js": "7cc96ab93d1c9cfc0746e9dffb40be872e42ee242906f48e68df0d2c9669f737",
    "https://deno.land/x/chalk_deno@v4.1.1-deno/source/has-flag/index.js": "aed21e4eba656057e7b8c6024305f5354d2ebee2adc857a1d8cd5207923de7e5",
    "https://deno.land/x/chalk_deno@v4.1.1-deno/source/index.js": "6339123f32f7eb4b17c5c9c926ecdf3dbc353fd4fda7811ad2d3c1d4b98a7420",
    "https://deno.land/x/chalk_deno@v4.1.1-deno/source/index.js?bundle": "6339123f32f7eb4b17c5c9c926ecdf3dbc353fd4fda7811ad2d3c1d4b98a7420",
    "https://deno.land/x/chalk_deno@v4.1.1-deno/source/supports-color/index.js": "4d7f2d216b6ac9013d9ec7e004de21f5a7d00bf2be4075bab2d82638d0d41a86",
    "https://deno.land/x/chalk_deno@v4.1.1-deno/source/templates.js": "f2e12be18cb84710e341e5499528280278052909fa74a12cefc9e2cc26a597ac",
    "https://deno.land/x/chalk_deno@v4.1.1-deno/source/util.js": "cd08297ec411dcee91826ad01a00d3427235d4548ba605a59e64f0da83af8306",
    "https://deno.land/x/code_block_writer@12.0.0/mod.ts": "2c3448060e47c9d08604c8f40dee34343f553f33edcdfebbf648442be33205e5",
    "https://deno.land/x/code_block_writer@12.0.0/utils/string_utils.ts": "60cb4ec8bd335bf241ef785ccec51e809d576ff8e8d29da43d2273b69ce2a6ff",
    "https://deno.land/x/deno_cache@0.6.2/auth_tokens.ts": "5d1d56474c54a9d152e44d43ea17c2e6a398dd1e9682c69811a313567c01ee1e",
    "https://deno.land/x/deno_cache@0.6.2/cache.ts": "58b53c128b742757efcad10af9a3871f23b4e200674cb5b0ddf61164fb9b2fe7",
    "https://deno.land/x/deno_cache@0.6.2/deno_dir.ts": "1ea355b8ba11c630d076b222b197cfc937dd81e5a4a260938997da99e8ff93a0",
    "https://deno.land/x/deno_cache@0.6.2/deps.ts": "12cca94516cf2d3ed42fccd4b721ecd8060679253f077d83057511045b0081aa",
    "https://deno.land/x/deno_cache@0.6.2/dirs.ts": "009c6f54e0b610914d6ce9f72f6f6ccfffd2d47a79a19061e0a9eb4253836069",
    "https://deno.land/x/deno_cache@0.6.2/disk_cache.ts": "66a1e604a8d564b6dd0500326cac33d08b561d331036bf7272def80f2f7952aa",
    "https://deno.land/x/deno_cache@0.6.2/file_fetcher.ts": "4f3e4a2c78a5ca1e4812099e5083f815a8525ab20d389b560b3517f6b1161dd6",
    "https://deno.land/x/deno_cache@0.6.2/http_cache.ts": "407135eaf2802809ed373c230d57da7ef8dff923c4abf205410b9b99886491fd",
    "https://deno.land/x/deno_cache@0.6.2/lib/deno_cache_dir.generated.js": "59f8defac32e8ebf2a30f7bc77e9d88f0e60098463fb1b75e00b9791a4bbd733",
    "https://deno.land/x/deno_cache@0.6.2/lib/snippets/deno_cache_dir-a2aecaa9536c9402/fs.js": "cbe3a976ed63c72c7cb34ef845c27013033a3b11f9d8d3e2c4aa5dda2c0c7af6",
    "https://deno.land/x/deno_cache@0.6.2/mod.ts": "b4004287e1c6123d7f07fe9b5b3e94ce6d990c4102949a89c527c68b19627867",
    "https://deno.land/x/deno_cache@0.6.2/util.ts": "f3f5a0cfc60051f09162942fb0ee87a0e27b11a12aec4c22076e3006be4cc1e2",
    "https://deno.land/x/dir@1.5.1/data_local_dir/mod.ts": "91eb1c4bfadfbeda30171007bac6d85aadacd43224a5ed721bbe56bc64e9eb66",
    "https://deno.land/x/dnt@0.40.0/lib/compiler.ts": "7f4447531581896348b8a379ab94730856b42ae50d99043f2468328360293cb1",
    "https://deno.land/x/dnt@0.40.0/lib/compiler_transforms.ts": "f21aba052f5dcf0b0595c734450842855c7f572e96165d3d34f8fed2fc1f7ba1",
    "https://deno.land/x/dnt@0.40.0/lib/mod.deps.ts": "8d6123c8e1162037e58aa8126686a03d1e2cffb250a8757bf715f80242097597",
    "https://deno.land/x/dnt@0.40.0/lib/npm_ignore.ts": "57fbb7e7b935417d225eec586c6aa240288905eb095847d3f6a88e290209df4e",
    "https://deno.land/x/dnt@0.40.0/lib/package_json.ts": "607b0a4f44acad071a4c8533b312a27d6671eac8e6a23625c8350ce29eadb2ba",
    "https://deno.land/x/dnt@0.40.0/lib/pkg/dnt_wasm.generated.js": "2694546844a50861d6d1610859afbf5130baca4dc6cf304541b7ec2d6d998142",
    "https://deno.land/x/dnt@0.40.0/lib/pkg/snippets/dnt-wasm-a15ef721fa5290c5/helpers.js": "aba69a019a6da6f084898a6c7b903b8b583bc0dbd82bfb338449cf0b5bce58fd",
    "https://deno.land/x/dnt@0.40.0/lib/shims.ts": "39e5c141f0315c0faf30b479b53f92b9078d92e1fd67ee34cc60b701d8e68dab",
    "https://deno.land/x/dnt@0.40.0/lib/test_runner/get_test_runner_code.ts": "4dc7a73a13b027341c0688df2b29a4ef102f287c126f134c33f69f0339b46968",
    "https://deno.land/x/dnt@0.40.0/lib/test_runner/test_runner.ts": "4d0da0500ec427d5f390d9a8d42fb882fbeccc92c92d66b6f2e758606dbd40e6",
    "https://deno.land/x/dnt@0.40.0/lib/transform.deps.ts": "2e159661e1c5c650de9a573babe0e319349fe493105157307ec2ad2f6a52c94e",
    "https://deno.land/x/dnt@0.40.0/lib/types.ts": "b8e228b2fac44c2ae902fbb73b1689f6ab889915bd66486c8a85c0c24255f5fb",
    "https://deno.land/x/dnt@0.40.0/lib/utils.ts": "224f15f33e7226a2fd991e438d0291d7ed8c7889807efa2e1ecb67d2d1db6720",
    "https://deno.land/x/dnt@0.40.0/mod.ts": "ae1890fbe592e4797e7dd88c1e270f22b8334878e9bf187c4e11ae75746fe778",
    "https://deno.land/x/dnt@0.40.0/transform.ts": "f68743a14cf9bf53bfc9c81073871d69d447a7f9e3453e0447ca2fb78926bb1d",
    "https://deno.land/x/ts_morph@20.0.0/bootstrap/mod.ts": "b53aad517f106c4079971fcd4a81ab79fadc40b50061a3ab2b741a09119d51e9",
    "https://deno.land/x/ts_morph@20.0.0/bootstrap/ts_morph_bootstrap.js": "6645ac03c5e6687dfa8c78109dc5df0250b811ecb3aea2d97c504c35e8401c06",
    "https://deno.land/x/ts_morph@20.0.0/common/DenoRuntime.ts": "6a7180f0c6e90dcf23ccffc86aa8271c20b1c4f34c570588d08a45880b7e172d",
    "https://deno.land/x/ts_morph@20.0.0/common/mod.ts": "01985d2ee7da8d1caee318a9d07664774fbee4e31602bc2bb6bb62c3489555ed",
    "https://deno.land/x/ts_morph@20.0.0/common/ts_morph_common.js": "2325f94f61dc5f3f98a1dab366dc93048d11b1433d718b10cfc6ee5a1cfebe8f",
    "https://deno.land/x/ts_morph@20.0.0/common/typescript.js": "b9edf0a451685d13e0467a7ed4351d112b74bd1e256b915a2b941054e31c1736",
    "https://deno.land/x/wasmbuild@0.15.1/cache.ts": "9d01b5cb24e7f2a942bbd8d14b093751fa690a6cde8e21709ddc97667e6669ed",
    "https://deno.land/x/wasmbuild@0.15.1/loader.ts": "8c2fc10e21678e42f84c5135d8ab6ab7dc92424c3f05d2354896a29ccfd02a63",
    "https://esm.sh/@boraseoksoon/npm_dist@1.0.1": "562018aa573ab70b1da6d85d9e0fce5053d99f3b25c19a6efefdf4ad7376937e",
    "https://esm.sh/@boraseoksoon/npm_dist@1.0.1/denonext/npm_dist.mjs": "76c0df704059da5acd70661412640da06c45d4c0f2a3b5c3bff455b3fbf3ff92",
    "https://esm.sh/error.js?type=unsupported-file-dependency&name=///Users/seoksoonjang/dev/hql/hql.ts&importer=@boraseoksoon/npm_dist@1.0.1": "2c7bbc7cdbffbc79e1d09e0a81c7020d9facefea24cc8100316abd07ebd347ba",
    "https://esm.sh/lodash@4.17.21": "c2f90ffd948b7a30f054986888bdc2667824115fa48ad583ca8b3a579ca4a5a8",
    "https://esm.sh/lodash@4.17.21/denonext/lodash.mjs": "9d2a44e584d91008f61f974c6d0a32bf9afb1563761e60c366af0a293e8c759b"
  }
}
